{
    "hash": "003e316f7cc29b4dc9d53497623d22ee",
    "packages": [
        {
            "package": "doctrine/common",
            "version": "2.2.3"
        },
        {
            "package": "doctrine/dbal",
            "version": "2.2.x-dev",
            "source-reference": "da4b7b4d965db0c1c1d23333e87ee5ae8994e249",
            "commit-date": "1344978731"
        },
        {
            "package": "pimple/pimple",
            "version": "dev-master",
            "alias-pretty-version": "1.0.x-dev",
            "alias-version": "1.0.9999999.9999999-dev"
        },
        {
            "package": "pimple/pimple",
            "version": "dev-master",
            "source-reference": "b9f27b8dc18c08f00627dec02359b46a24791dc3",
            "commit-date": "1347278988"
        },
        {
            "package": "silex/silex",
            "version": "dev-master",
            "alias-pretty-version": "1.0.x-dev",
            "alias-version": "1.0.9999999.9999999-dev"
        },
        {
            "package": "silex/silex",
            "version": "dev-master",
            "source-reference": "0d02614d88bf6ec0410e7c9c0df556d8c3ef47ca",
            "commit-date": "1348695490"
        },
        {
            "package": "swiftmailer/swiftmailer",
            "version": "dev-master",
            "source-reference": "1e5482485f30a2431f9b8eb19a091eef4b57008c",
            "commit-date": "1347542176"
        },
        {
            "package": "symfony/config",
            "version": "2.1.x-dev",
            "source-reference": "3168f7d2c77c5e8309b9f7ff8502315317a94f7c",
            "commit-date": "1348209286"
        },
        {
            "package": "symfony/event-dispatcher",
            "version": "2.1.x-dev",
            "source-reference": "v2.1.2",
            "commit-date": "1347274422"
        },
        {
            "package": "symfony/form",
            "version": "2.1.x-dev",
            "source-reference": "v2.1.2",
            "commit-date": "1348035223"
        },
        {
            "package": "symfony/http-foundation",
            "version": "2.1.x-dev",
            "source-reference": "386a332456060076778ba8e6b84bed0480eaa69c",
            "commit-date": "1348208027"
        },
        {
            "package": "symfony/http-kernel",
            "version": "2.1.x-dev",
            "source-reference": "10f8418126cba9f7e510eb57e53810d41f9f2add",
            "commit-date": "1348209286"
        },
        {
            "package": "symfony/locale",
            "version": "2.1.x-dev",
            "source-reference": "v2.1.2",
            "commit-date": "1345643321"
        },
        {
            "package": "symfony/options-resolver",
            "version": "2.1.x-dev",
            "source-reference": "v2.1.0-RC2",
            "commit-date": "1345643321"
        },
        {
            "package": "symfony/routing",
            "version": "2.1.x-dev",
            "source-reference": "v2.1.2",
            "commit-date": "1347274422"
        },
        {
            "package": "symfony/translation",
            "version": "2.1.x-dev",
            "source-reference": "v2.1.2",
            "commit-date": "1347274422"
        },
        {
            "package": "symfony/twig-bridge",
            "version": "2.1.x-dev",
            "source-reference": "v2.1.2",
            "commit-date": "1347274422"
        },
        {
            "package": "symfony/validator",
            "version": "2.1.x-dev",
            "source-reference": "v2.1.2",
            "commit-date": "1347903959"
        },
        {
            "package": "symfony/yaml",
            "version": "2.1.x-dev",
            "source-reference": "v2.1.0-RC2",
            "commit-date": "1345643321"
        },
        {
            "package": "twig/extensions",
            "version": "dev-master",
            "source-reference": "f904575642b1213db69b4a98f08397e722ba1cae",
            "commit-date": "1346770278"
        },
        {
            "package": "twig/twig",
            "version": "dev-master",
            "alias-pretty-version": "1.10.x-dev",
            "alias-version": "1.10.9999999.9999999-dev"
        },
        {
            "package": "twig/twig",
            "version": "dev-master",
            "source-reference": "b8c917972f74da88f0e930ea32a90566739d87ac",
            "commit-date": "1348667791"
        },
        {
            "package": "wisembly/silexcms",
            "version": "dev-master",
            "source-reference": "430082796409df9bd10e8e023031220a8dfd9310",
            "commit-date": "1348441063"
        }
    ],
    "packages-dev": null,
    "aliases": [

    ],
    "minimum-stability": "dev",
    "stability-flags": {
        "wisembly/silexcms": 20,
        "swiftmailer/swiftmailer": 20
    }
}
