{
    "hash": "003e316f7cc29b4dc9d53497623d22ee",
    "packages": [
        {
            "package": "doctrine/common",
            "version": "2.2.3"
        },
        {
            "package": "doctrine/dbal",
            "version": "2.2.x-dev",
            "source-reference": "da4b7b4d965db0c1c1d23333e87ee5ae8994e249",
            "commit-date": "1344978731"
        },
        {
            "package": "pimple/pimple",
            "version": "dev-master",
            "alias-pretty-version": "1.0.x-dev",
            "alias-version": "1.0.9999999.9999999-dev"
        },
        {
            "package": "pimple/pimple",
            "version": "dev-master",
            "source-reference": "b9f27b8dc18c08f00627dec02359b46a24791dc3",
            "commit-date": "1347278988"
        },
        {
            "package": "silex/silex",
            "version": "dev-master",
            "alias-pretty-version": "1.0.x-dev",
            "alias-version": "1.0.9999999.9999999-dev"
        },
        {
            "package": "silex/silex",
            "version": "dev-master",
            "source-reference": "a9e34f08ab00c4cc6c97e7ae8fdf7d0fc367e5f5",
            "commit-date": "1347298149"
        },
        {
            "package": "swiftmailer/swiftmailer",
            "version": "dev-master",
            "alias-pretty-version": "4.2.x-dev",
            "alias-version": "4.2.9999999.9999999-dev"
        },
        {
            "package": "swiftmailer/swiftmailer",
            "version": "dev-master",
            "source-reference": "c97353b1ebffe25a224146f69d17efe24c093def",
            "commit-date": "1347083952"
        },
        {
            "package": "symfony/config",
            "version": "2.1.x-dev",
            "source-reference": "v2.1.0-RC2",
            "commit-date": "1345643321"
        },
        {
            "package": "symfony/event-dispatcher",
            "version": "2.1.x-dev",
            "source-reference": "6e9726a4e82fe95fcb243e7c4021f7fb2de19b70",
            "commit-date": "1347274422"
        },
        {
            "package": "symfony/form",
            "version": "2.1.x-dev",
            "source-reference": "09a33bcd936a689c58ac54ae128ecc33f65a9c70",
            "commit-date": "1347274422"
        },
        {
            "package": "symfony/http-foundation",
            "version": "2.1.x-dev",
            "source-reference": "v2.1.0",
            "commit-date": "1346761482"
        },
        {
            "package": "symfony/http-kernel",
            "version": "dev-master",
            "alias-pretty-version": "2.1.x-dev",
            "alias-version": "2.1.9999999.9999999-dev"
        },
        {
            "package": "symfony/http-kernel",
            "version": "dev-master",
            "alias-pretty-version": "2.2.x-dev",
            "alias-version": "2.2.9999999.9999999-dev"
        },
        {
            "package": "symfony/http-kernel",
            "version": "dev-master",
            "source-reference": "8fe1b255e456a50514604f8bd394f416cb40e5e9",
            "commit-date": "1347274777"
        },
        {
            "package": "symfony/locale",
            "version": "2.1.x-dev",
            "source-reference": "v2.1.0",
            "commit-date": "1345643321"
        },
        {
            "package": "symfony/options-resolver",
            "version": "2.1.x-dev",
            "source-reference": "v2.1.0-RC2",
            "commit-date": "1345643321"
        },
        {
            "package": "symfony/routing",
            "version": "2.1.x-dev",
            "source-reference": "5069cbd8bf02ed33cfd640b227bb43e816d55f14",
            "commit-date": "1347274422"
        },
        {
            "package": "symfony/translation",
            "version": "2.1.x-dev",
            "source-reference": "97b97722b00159ba9267f6c4ff940047d58171dc",
            "commit-date": "1347274422"
        },
        {
            "package": "symfony/twig-bridge",
            "version": "2.1.x-dev",
            "source-reference": "d367397da791ad5993a2a700c7f92d83705125cf",
            "commit-date": "1347274422"
        },
        {
            "package": "symfony/validator",
            "version": "2.1.x-dev",
            "source-reference": "321f9e800bd1d2f40c92c9c4834c3a30a4dac8e6",
            "commit-date": "1347274422"
        },
        {
            "package": "symfony/yaml",
            "version": "2.1.x-dev",
            "source-reference": "v2.1.0",
            "commit-date": "1345643321"
        },
        {
            "package": "twig/twig",
            "version": "dev-master",
            "alias-pretty-version": "1.9.x-dev",
            "alias-version": "1.9.9999999.9999999-dev"
        },
        {
            "package": "twig/twig",
            "version": "dev-master",
            "source-reference": "68b8c4619c5bbe82bd345fe56070dec8c356610a",
            "commit-date": "1347025342"
        },
        {
            "package": "wisembly/silexcms",
            "version": "dev-master",
            "source-reference": "0025b606ff289863b30e832601e8d6188d6a9344",
            "commit-date": "1347052870"
        }
    ],
    "packages-dev": null,
    "aliases": [

    ],
    "minimum-stability": "dev",
    "stability-flags": {
        "wisembly/silexcms": 20,
        "swiftmailer/swiftmailer": 20
    }
}
